
Microsoft Visual Studio Solution File, Format Version 12.00
# Visual Studio 15
VisualStudioVersion = 15.0.26430.16
MinimumVisualStudioVersion = 10.0.40219.1
Project("{9A19103F-16F7-4668-BE54-9A1E7A4F7556}") = "BidProgressManagementSystem.Application", "src\BidProgressManagementSystem.Application\BidProgressManagementSystem.Application.csproj", "{5B38CAF9-D4DA-4243-A006-060F03283D6E}"
EndProject
Project("{9A19103F-16F7-4668-BE54-9A1E7A4F7556}") = "BidProgressManagementSystem.EntityFramework", "src\BidProgressManagementSystem.EntityFramework\BidProgressManagementSystem.EntityFramework.csproj", "{40AC6C38-E373-4863-AF30-D696CA86440D}"
EndProject
Project("{9A19103F-16F7-4668-BE54-9A1E7A4F7556}") = "BidProgressManagementSystem.Web", "src\BidProgressManagementSystem.Web\BidProgressManagementSystem.Web.csproj", "{B9A3E5D1-64E9-4D48-8367-2CA422D525F1}"
EndProject
Global
	GlobalSection(SolutionConfigurationPlatforms) = preSolution
		Debug|Any CPU = Debug|Any CPU
		Release|Any CPU = Release|Any CPU
	EndGlobalSection
	GlobalSection(ProjectConfigurationPlatforms) = postSolution
		{5B38CAF9-D4DA-4243-A006-060F03283D6E}.Debug|Any CPU.ActiveCfg = Debug|Any CPU
		{5B38CAF9-D4DA-4243-A006-060F03283D6E}.Debug|Any CPU.Build.0 = Debug|Any CPU
		{5B38CAF9-D4DA-4243-A006-060F03283D6E}.Release|Any CPU.ActiveCfg = Release|Any CPU
		{5B38CAF9-D4DA-4243-A006-060F03283D6E}.Release|Any CPU.Build.0 = Release|Any CPU
		{40AC6C38-E373-4863-AF30-D696CA86440D}.Debug|Any CPU.ActiveCfg = Debug|Any CPU
		{40AC6C38-E373-4863-AF30-D696CA86440D}.Debug|Any CPU.Build.0 = Debug|Any CPU
		{40AC6C38-E373-4863-AF30-D696CA86440D}.Release|Any CPU.ActiveCfg = Release|Any CPU
		{40AC6C38-E373-4863-AF30-D696CA86440D}.Release|Any CPU.Build.0 = Release|Any CPU
		{B9A3E5D1-64E9-4D48-8367-2CA422D525F1}.Debug|Any CPU.ActiveCfg = Debug|Any CPU
		{B9A3E5D1-64E9-4D48-8367-2CA422D525F1}.Debug|Any CPU.Build.0 = Debug|Any CPU
		{B9A3E5D1-64E9-4D48-8367-2CA422D525F1}.Release|Any CPU.ActiveCfg = Release|Any CPU
		{B9A3E5D1-64E9-4D48-8367-2CA422D525F1}.Release|Any CPU.Build.0 = Release|Any CPU
	EndGlobalSection
	GlobalSection(SolutionProperties) = preSolution
		HideSolutionNode = FALSE
	EndGlobalSection
EndGlobal
